{
    "_readme": [
        "This file locks the dependencies of your project to a known state",
        "Read more about it at https://getcomposer.org/doc/01-basic-usage.md#installing-dependencies",
        "This file is @generated automatically"
    ],
    "content-hash": "4a7c974e367bfc4c967761f3ac9d053b",
    "packages": [
        {
            "name": "barryvdh/laravel-dompdf",
            "version": "v3.1.1",
            "source": {
                "type": "git",
                "url": "https://github.com/barryvdh/laravel-dompdf.git",
                "reference": "8e71b99fc53bb8eb77f316c3c452dd74ab7cb25d"
            },
            "dist": {
                "type": "zip",
                "url": "https://api.github.com/repos/barryvdh/laravel-dompdf/zipball/8e71b99fc53bb8eb77f316c3c452dd74ab7cb25d",
                "reference": "8e71b99fc53bb8eb77f316c3c452dd74ab7cb25d",
                "shasum": ""
            },
            "require": {
                "dompdf/dompdf": "^3.0",
                "illuminate/support": "^9|^10|^11|^12",
                "php": "^8.1"
            },
            "require-dev": {
                "larastan/larastan": "^2.7|^3.0",
                "orchestra/testbench": "^7|^8|^9|^10",
                "phpro/grumphp": "^2.5",
                "squizlabs/php_codesniffer": "^3.5"
            },
            "type": "library",
            "extra": {
                "laravel": {
                    "aliases": {
                        "PDF": "Barryvdh\\DomPDF\\Facade\\Pdf",
                        "Pdf": "Barryvdh\\DomPDF\\Facade\\Pdf"
                    },
                    "providers": [
                        "Barryvdh\\DomPDF\\ServiceProvider"
                    ]
                }
            }
        }
    ]
}
